
Microsoft Visual Studio Solution File, Format Version 12.00
# Visual Studio Version 16
VisualStudioVersion = 16.0.30114.105
MinimumVisualStudioVersion = 10.0.40219.1
Project("{FAE04EC0-301F-11D3-BF4B-00C04F79EFBC}") = "Atom.Infrastructure", "Atom.Infrastructure\Atom.Infrastructure.csproj", "{694C9F21-D01D-441F-8D63-E7B6877727B3}"
EndProject
Project("{FAE04EC0-301F-11D3-BF4B-00C04F79EFBC}") = "Atom.UI.Forms", "Atom.UI.Forms\Atom.UI.Forms.csproj", "{2C35F696-B2C9-4A0C-93A1-DC71FF149331}"
EndProject
Project("{FAE04EC0-301F-11D3-BF4B-00C04F79EFBC}") = "Atom.UI.Forms.Demo", "Atom.UI.Forms.Demo\Atom.UI.Forms.Demo.csproj", "{F423EE87-3DAA-46FD-A1FC-7AD280D3CF24}"
EndProject
Project("{FAE04EC0-301F-11D3-BF4B-00C04F79EFBC}") = "Atom.UI.Forms.TestingUtil", "Atom.UI.Forms.TestingUtil\Atom.UI.Forms.TestingUtil.csproj", "{6897F42D-38B6-4BF7-B37C-166F9F819D5D}"
EndProject
Project("{FAE04EC0-301F-11D3-BF4B-00C04F79EFBC}") = "Atom.Data", "Atom.Data\Atom.Data.csproj", "{858DD539-C64A-450D-9D08-6FD538B2C325}"
EndProject
Global
	GlobalSection(SolutionConfigurationPlatforms) = preSolution
		Debug|Any CPU = Debug|Any CPU
		Debug|x64 = Debug|x64
		Debug|x86 = Debug|x86
		Release|Any CPU = Release|Any CPU
		Release|x64 = Release|x64
		Release|x86 = Release|x86
	EndGlobalSection
	GlobalSection(SolutionProperties) = preSolution
		HideSolutionNode = FALSE
	EndGlobalSection
	GlobalSection(ProjectConfigurationPlatforms) = postSolution
		{694C9F21-D01D-441F-8D63-E7B6877727B3}.Debug|Any CPU.ActiveCfg = Debug|Any CPU
		{694C9F21-D01D-441F-8D63-E7B6877727B3}.Debug|Any CPU.Build.0 = Debug|Any CPU
		{694C9F21-D01D-441F-8D63-E7B6877727B3}.Debug|x64.ActiveCfg = Debug|Any CPU
		{694C9F21-D01D-441F-8D63-E7B6877727B3}.Debug|x64.Build.0 = Debug|Any CPU
		{694C9F21-D01D-441F-8D63-E7B6877727B3}.Debug|x86.ActiveCfg = Debug|Any CPU
		{694C9F21-D01D-441F-8D63-E7B6877727B3}.Debug|x86.Build.0 = Debug|Any CPU
		{694C9F21-D01D-441F-8D63-E7B6877727B3}.Release|Any CPU.ActiveCfg = Release|Any CPU
		{694C9F21-D01D-441F-8D63-E7B6877727B3}.Release|Any CPU.Build.0 = Release|Any CPU
		{694C9F21-D01D-441F-8D63-E7B6877727B3}.Release|x64.ActiveCfg = Release|Any CPU
		{694C9F21-D01D-441F-8D63-E7B6877727B3}.Release|x64.Build.0 = Release|Any CPU
		{694C9F21-D01D-441F-8D63-E7B6877727B3}.Release|x86.ActiveCfg = Release|Any CPU
		{694C9F21-D01D-441F-8D63-E7B6877727B3}.Release|x86.Build.0 = Release|Any CPU
		{2C35F696-B2C9-4A0C-93A1-DC71FF149331}.Debug|Any CPU.ActiveCfg = Debug|Any CPU
		{2C35F696-B2C9-4A0C-93A1-DC71FF149331}.Debug|Any CPU.Build.0 = Debug|Any CPU
		{2C35F696-B2C9-4A0C-93A1-DC71FF149331}.Debug|x64.ActiveCfg = Debug|Any CPU
		{2C35F696-B2C9-4A0C-93A1-DC71FF149331}.Debug|x64.Build.0 = Debug|Any CPU
		{2C35F696-B2C9-4A0C-93A1-DC71FF149331}.Debug|x86.ActiveCfg = Debug|Any CPU
		{2C35F696-B2C9-4A0C-93A1-DC71FF149331}.Debug|x86.Build.0 = Debug|Any CPU
		{2C35F696-B2C9-4A0C-93A1-DC71FF149331}.Release|Any CPU.ActiveCfg = Release|Any CPU
		{2C35F696-B2C9-4A0C-93A1-DC71FF149331}.Release|Any CPU.Build.0 = Release|Any CPU
		{2C35F696-B2C9-4A0C-93A1-DC71FF149331}.Release|x64.ActiveCfg = Release|Any CPU
		{2C35F696-B2C9-4A0C-93A1-DC71FF149331}.Release|x64.Build.0 = Release|Any CPU
		{2C35F696-B2C9-4A0C-93A1-DC71FF149331}.Release|x86.ActiveCfg = Release|Any CPU
		{2C35F696-B2C9-4A0C-93A1-DC71FF149331}.Release|x86.Build.0 = Release|Any CPU
		{F423EE87-3DAA-46FD-A1FC-7AD280D3CF24}.Debug|Any CPU.ActiveCfg = Debug|Any CPU
		{F423EE87-3DAA-46FD-A1FC-7AD280D3CF24}.Debug|Any CPU.Build.0 = Debug|Any CPU
		{F423EE87-3DAA-46FD-A1FC-7AD280D3CF24}.Debug|x64.ActiveCfg = Debug|Any CPU
		{F423EE87-3DAA-46FD-A1FC-7AD280D3CF24}.Debug|x64.Build.0 = Debug|Any CPU
		{F423EE87-3DAA-46FD-A1FC-7AD280D3CF24}.Debug|x86.ActiveCfg = Debug|Any CPU
		{F423EE87-3DAA-46FD-A1FC-7AD280D3CF24}.Debug|x86.Build.0 = Debug|Any CPU
		{F423EE87-3DAA-46FD-A1FC-7AD280D3CF24}.Release|Any CPU.ActiveCfg = Release|Any CPU
		{F423EE87-3DAA-46FD-A1FC-7AD280D3CF24}.Release|Any CPU.Build.0 = Release|Any CPU
		{F423EE87-3DAA-46FD-A1FC-7AD280D3CF24}.Release|x64.ActiveCfg = Release|Any CPU
		{F423EE87-3DAA-46FD-A1FC-7AD280D3CF24}.Release|x64.Build.0 = Release|Any CPU
		{F423EE87-3DAA-46FD-A1FC-7AD280D3CF24}.Release|x86.ActiveCfg = Release|Any CPU
		{F423EE87-3DAA-46FD-A1FC-7AD280D3CF24}.Release|x86.Build.0 = Release|Any CPU
		{6897F42D-38B6-4BF7-B37C-166F9F819D5D}.Debug|Any CPU.ActiveCfg = Debug|Any CPU
		{6897F42D-38B6-4BF7-B37C-166F9F819D5D}.Debug|Any CPU.Build.0 = Debug|Any CPU
		{6897F42D-38B6-4BF7-B37C-166F9F819D5D}.Debug|x64.ActiveCfg = Debug|Any CPU
		{6897F42D-38B6-4BF7-B37C-166F9F819D5D}.Debug|x64.Build.0 = Debug|Any CPU
		{6897F42D-38B6-4BF7-B37C-166F9F819D5D}.Debug|x86.ActiveCfg = Debug|Any CPU
		{6897F42D-38B6-4BF7-B37C-166F9F819D5D}.Debug|x86.Build.0 = Debug|Any CPU
		{6897F42D-38B6-4BF7-B37C-166F9F819D5D}.Release|Any CPU.ActiveCfg = Release|Any CPU
		{6897F42D-38B6-4BF7-B37C-166F9F819D5D}.Release|Any CPU.Build.0 = Release|Any CPU
		{6897F42D-38B6-4BF7-B37C-166F9F819D5D}.Release|x64.ActiveCfg = Release|Any CPU
		{6897F42D-38B6-4BF7-B37C-166F9F819D5D}.Release|x64.Build.0 = Release|Any CPU
		{6897F42D-38B6-4BF7-B37C-166F9F819D5D}.Release|x86.ActiveCfg = Release|Any CPU
		{6897F42D-38B6-4BF7-B37C-166F9F819D5D}.Release|x86.Build.0 = Release|Any CPU
		{858DD539-C64A-450D-9D08-6FD538B2C325}.Debug|Any CPU.ActiveCfg = Debug|Any CPU
		{858DD539-C64A-450D-9D08-6FD538B2C325}.Debug|Any CPU.Build.0 = Debug|Any CPU
		{858DD539-C64A-450D-9D08-6FD538B2C325}.Debug|x64.ActiveCfg = Debug|Any CPU
		{858DD539-C64A-450D-9D08-6FD538B2C325}.Debug|x64.Build.0 = Debug|Any CPU
		{858DD539-C64A-450D-9D08-6FD538B2C325}.Debug|x86.ActiveCfg = Debug|Any CPU
		{858DD539-C64A-450D-9D08-6FD538B2C325}.Debug|x86.Build.0 = Debug|Any CPU
		{858DD539-C64A-450D-9D08-6FD538B2C325}.Release|Any CPU.ActiveCfg = Release|Any CPU
		{858DD539-C64A-450D-9D08-6FD538B2C325}.Release|Any CPU.Build.0 = Release|Any CPU
		{858DD539-C64A-450D-9D08-6FD538B2C325}.Release|x64.ActiveCfg = Release|Any CPU
		{858DD539-C64A-450D-9D08-6FD538B2C325}.Release|x64.Build.0 = Release|Any CPU
		{858DD539-C64A-450D-9D08-6FD538B2C325}.Release|x86.ActiveCfg = Release|Any CPU
		{858DD539-C64A-450D-9D08-6FD538B2C325}.Release|x86.Build.0 = Release|Any CPU
	EndGlobalSection
EndGlobal
