
Microsoft Visual Studio Solution File, Format Version 12.00
# Visual Studio Version 16
VisualStudioVersion = 16.0.30114.105
MinimumVisualStudioVersion = 10.0.40219.1
Project("{FAE04EC0-301F-11D3-BF4B-00C04F79EFBC}") = "Atom.Infrastructure", "Atom.Infrastructure\Atom.Infrastructure.csproj", "{694C9F21-D01D-441F-8D63-E7B6877727B3}"
EndProject
Project("{FAE04EC0-301F-11D3-BF4B-00C04F79EFBC}") = "Atom.UI.Forms", "Atom.UI.Forms\Atom.UI.Forms.csproj", "{2C35F696-B2C9-4A0C-93A1-DC71FF149331}"
EndProject
Project("{FAE04EC0-301F-11D3-BF4B-00C04F79EFBC}") = "Atom.UI.Forms.Demo", "Atom.UI.Forms.Demo\Atom.UI.Forms.Demo.csproj", "{F423EE87-3DAA-46FD-A1FC-7AD280D3CF24}"
EndProject
Project("{FAE04EC0-301F-11D3-BF4B-00C04F79EFBC}") = "Atom.UI.Forms.TestingUtil", "Atom.UI.Forms.TestingUtil\Atom.UI.Forms.TestingUtil.csproj", "{6897F42D-38B6-4BF7-B37C-166F9F819D5D}"
EndProject
Project("{FAE04EC0-301F-11D3-BF4B-00C04F79EFBC}") = "Atom.Data", "Atom.Data\Atom.Data.csproj", "{858DD539-C64A-450D-9D08-6FD538B2C325}"
EndProject
Project("{FAE04EC0-301F-11D3-BF4B-00C04F79EFBC}") = "Atom.Infrastructure.TestingUtil", "Atom.Infrastructure.TestingUtil\Atom.Infrastructure.TestingUtil.csproj", "{2726F0D2-3106-4520-9178-939888A99C1B}"
EndProject
Project("{FAE04EC0-301F-11D3-BF4B-00C04F79EFBC}") = "Atom.Infrastructure.Tests", "Atom.Infrastructure.Tests\Atom.Infrastructure.Tests.csproj", "{37116912-52FE-464E-BD7A-9965A0D9814C}"
EndProject
Project("{FAE04EC0-301F-11D3-BF4B-00C04F79EFBC}") = "Atom.Data.Tests", "Atom.Data.Tests\Atom.Data.Tests.csproj", "{D2B340E8-3831-4CDC-BF0F-4A8964DD8004}"
EndProject
Project("{FAE04EC0-301F-11D3-BF4B-00C04F79EFBC}") = "Atom.UI.Forms.Tests", "Atom.UI.Forms.Tests\Atom.UI.Forms.Tests.csproj", "{8E5A9A1B-650F-4AE6-85A7-09FD6EEEF852}"
EndProject
Project("{FAE04EC0-301F-11D3-BF4B-00C04F79EFBC}") = "Atom.Reporting", "Atom.Reporting\Atom.Reporting.csproj", "{7B9051B4-0076-420F-8294-ABBA1D78990F}"
EndProject
Project("{FAE04EC0-301F-11D3-BF4B-00C04F79EFBC}") = "Atom.Reporting.UI", "Atom.Reporting.UI\Atom.Reporting.UI.csproj", "{3AFC6B75-15F0-4E6E-8ABC-66BB7D719AA4}"
EndProject
Global
	GlobalSection(SolutionConfigurationPlatforms) = preSolution
		Debug|Any CPU = Debug|Any CPU
		Debug|x64 = Debug|x64
		Debug|x86 = Debug|x86
		Release|Any CPU = Release|Any CPU
		Release|x64 = Release|x64
		Release|x86 = Release|x86
	EndGlobalSection
	GlobalSection(SolutionProperties) = preSolution
		HideSolutionNode = FALSE
	EndGlobalSection
	GlobalSection(ProjectConfigurationPlatforms) = postSolution
		{694C9F21-D01D-441F-8D63-E7B6877727B3}.Debug|Any CPU.ActiveCfg = Debug|Any CPU
		{694C9F21-D01D-441F-8D63-E7B6877727B3}.Debug|Any CPU.Build.0 = Debug|Any CPU
		{694C9F21-D01D-441F-8D63-E7B6877727B3}.Debug|x64.ActiveCfg = Debug|Any CPU
		{694C9F21-D01D-441F-8D63-E7B6877727B3}.Debug|x64.Build.0 = Debug|Any CPU
		{694C9F21-D01D-441F-8D63-E7B6877727B3}.Debug|x86.ActiveCfg = Debug|Any CPU
		{694C9F21-D01D-441F-8D63-E7B6877727B3}.Debug|x86.Build.0 = Debug|Any CPU
		{694C9F21-D01D-441F-8D63-E7B6877727B3}.Release|Any CPU.ActiveCfg = Release|Any CPU
		{694C9F21-D01D-441F-8D63-E7B6877727B3}.Release|Any CPU.Build.0 = Release|Any CPU
		{694C9F21-D01D-441F-8D63-E7B6877727B3}.Release|x64.ActiveCfg = Release|Any CPU
		{694C9F21-D01D-441F-8D63-E7B6877727B3}.Release|x64.Build.0 = Release|Any CPU
		{694C9F21-D01D-441F-8D63-E7B6877727B3}.Release|x86.ActiveCfg = Release|Any CPU
		{694C9F21-D01D-441F-8D63-E7B6877727B3}.Release|x86.Build.0 = Release|Any CPU
		{2C35F696-B2C9-4A0C-93A1-DC71FF149331}.Debug|Any CPU.ActiveCfg = Debug|Any CPU
		{2C35F696-B2C9-4A0C-93A1-DC71FF149331}.Debug|Any CPU.Build.0 = Debug|Any CPU
		{2C35F696-B2C9-4A0C-93A1-DC71FF149331}.Debug|x64.ActiveCfg = Debug|Any CPU
		{2C35F696-B2C9-4A0C-93A1-DC71FF149331}.Debug|x64.Build.0 = Debug|Any CPU
		{2C35F696-B2C9-4A0C-93A1-DC71FF149331}.Debug|x86.ActiveCfg = Debug|Any CPU
		{2C35F696-B2C9-4A0C-93A1-DC71FF149331}.Debug|x86.Build.0 = Debug|Any CPU
		{2C35F696-B2C9-4A0C-93A1-DC71FF149331}.Release|Any CPU.ActiveCfg = Release|Any CPU
		{2C35F696-B2C9-4A0C-93A1-DC71FF149331}.Release|Any CPU.Build.0 = Release|Any CPU
		{2C35F696-B2C9-4A0C-93A1-DC71FF149331}.Release|x64.ActiveCfg = Release|Any CPU
		{2C35F696-B2C9-4A0C-93A1-DC71FF149331}.Release|x64.Build.0 = Release|Any CPU
		{2C35F696-B2C9-4A0C-93A1-DC71FF149331}.Release|x86.ActiveCfg = Release|Any CPU
		{2C35F696-B2C9-4A0C-93A1-DC71FF149331}.Release|x86.Build.0 = Release|Any CPU
		{F423EE87-3DAA-46FD-A1FC-7AD280D3CF24}.Debug|Any CPU.ActiveCfg = Debug|Any CPU
		{F423EE87-3DAA-46FD-A1FC-7AD280D3CF24}.Debug|Any CPU.Build.0 = Debug|Any CPU
		{F423EE87-3DAA-46FD-A1FC-7AD280D3CF24}.Debug|x64.ActiveCfg = Debug|Any CPU
		{F423EE87-3DAA-46FD-A1FC-7AD280D3CF24}.Debug|x64.Build.0 = Debug|Any CPU
		{F423EE87-3DAA-46FD-A1FC-7AD280D3CF24}.Debug|x86.ActiveCfg = Debug|Any CPU
		{F423EE87-3DAA-46FD-A1FC-7AD280D3CF24}.Debug|x86.Build.0 = Debug|Any CPU
		{F423EE87-3DAA-46FD-A1FC-7AD280D3CF24}.Release|Any CPU.ActiveCfg = Release|Any CPU
		{F423EE87-3DAA-46FD-A1FC-7AD280D3CF24}.Release|Any CPU.Build.0 = Release|Any CPU
		{F423EE87-3DAA-46FD-A1FC-7AD280D3CF24}.Release|x64.ActiveCfg = Release|Any CPU
		{F423EE87-3DAA-46FD-A1FC-7AD280D3CF24}.Release|x64.Build.0 = Release|Any CPU
		{F423EE87-3DAA-46FD-A1FC-7AD280D3CF24}.Release|x86.ActiveCfg = Release|Any CPU
		{F423EE87-3DAA-46FD-A1FC-7AD280D3CF24}.Release|x86.Build.0 = Release|Any CPU
		{6897F42D-38B6-4BF7-B37C-166F9F819D5D}.Debug|Any CPU.ActiveCfg = Debug|Any CPU
		{6897F42D-38B6-4BF7-B37C-166F9F819D5D}.Debug|Any CPU.Build.0 = Debug|Any CPU
		{6897F42D-38B6-4BF7-B37C-166F9F819D5D}.Debug|x64.ActiveCfg = Debug|Any CPU
		{6897F42D-38B6-4BF7-B37C-166F9F819D5D}.Debug|x64.Build.0 = Debug|Any CPU
		{6897F42D-38B6-4BF7-B37C-166F9F819D5D}.Debug|x86.ActiveCfg = Debug|Any CPU
		{6897F42D-38B6-4BF7-B37C-166F9F819D5D}.Debug|x86.Build.0 = Debug|Any CPU
		{6897F42D-38B6-4BF7-B37C-166F9F819D5D}.Release|Any CPU.ActiveCfg = Release|Any CPU
		{6897F42D-38B6-4BF7-B37C-166F9F819D5D}.Release|Any CPU.Build.0 = Release|Any CPU
		{6897F42D-38B6-4BF7-B37C-166F9F819D5D}.Release|x64.ActiveCfg = Release|Any CPU
		{6897F42D-38B6-4BF7-B37C-166F9F819D5D}.Release|x64.Build.0 = Release|Any CPU
		{6897F42D-38B6-4BF7-B37C-166F9F819D5D}.Release|x86.ActiveCfg = Release|Any CPU
		{6897F42D-38B6-4BF7-B37C-166F9F819D5D}.Release|x86.Build.0 = Release|Any CPU
		{858DD539-C64A-450D-9D08-6FD538B2C325}.Debug|Any CPU.ActiveCfg = Debug|Any CPU
		{858DD539-C64A-450D-9D08-6FD538B2C325}.Debug|Any CPU.Build.0 = Debug|Any CPU
		{858DD539-C64A-450D-9D08-6FD538B2C325}.Debug|x64.ActiveCfg = Debug|Any CPU
		{858DD539-C64A-450D-9D08-6FD538B2C325}.Debug|x64.Build.0 = Debug|Any CPU
		{858DD539-C64A-450D-9D08-6FD538B2C325}.Debug|x86.ActiveCfg = Debug|Any CPU
		{858DD539-C64A-450D-9D08-6FD538B2C325}.Debug|x86.Build.0 = Debug|Any CPU
		{858DD539-C64A-450D-9D08-6FD538B2C325}.Release|Any CPU.ActiveCfg = Release|Any CPU
		{858DD539-C64A-450D-9D08-6FD538B2C325}.Release|Any CPU.Build.0 = Release|Any CPU
		{858DD539-C64A-450D-9D08-6FD538B2C325}.Release|x64.ActiveCfg = Release|Any CPU
		{858DD539-C64A-450D-9D08-6FD538B2C325}.Release|x64.Build.0 = Release|Any CPU
		{858DD539-C64A-450D-9D08-6FD538B2C325}.Release|x86.ActiveCfg = Release|Any CPU
		{858DD539-C64A-450D-9D08-6FD538B2C325}.Release|x86.Build.0 = Release|Any CPU
		{2726F0D2-3106-4520-9178-939888A99C1B}.Debug|Any CPU.ActiveCfg = Debug|Any CPU
		{2726F0D2-3106-4520-9178-939888A99C1B}.Debug|Any CPU.Build.0 = Debug|Any CPU
		{2726F0D2-3106-4520-9178-939888A99C1B}.Debug|x64.ActiveCfg = Debug|Any CPU
		{2726F0D2-3106-4520-9178-939888A99C1B}.Debug|x64.Build.0 = Debug|Any CPU
		{2726F0D2-3106-4520-9178-939888A99C1B}.Debug|x86.ActiveCfg = Debug|Any CPU
		{2726F0D2-3106-4520-9178-939888A99C1B}.Debug|x86.Build.0 = Debug|Any CPU
		{2726F0D2-3106-4520-9178-939888A99C1B}.Release|Any CPU.ActiveCfg = Release|Any CPU
		{2726F0D2-3106-4520-9178-939888A99C1B}.Release|Any CPU.Build.0 = Release|Any CPU
		{2726F0D2-3106-4520-9178-939888A99C1B}.Release|x64.ActiveCfg = Release|Any CPU
		{2726F0D2-3106-4520-9178-939888A99C1B}.Release|x64.Build.0 = Release|Any CPU
		{2726F0D2-3106-4520-9178-939888A99C1B}.Release|x86.ActiveCfg = Release|Any CPU
		{2726F0D2-3106-4520-9178-939888A99C1B}.Release|x86.Build.0 = Release|Any CPU
		{37116912-52FE-464E-BD7A-9965A0D9814C}.Debug|Any CPU.ActiveCfg = Debug|Any CPU
		{37116912-52FE-464E-BD7A-9965A0D9814C}.Debug|Any CPU.Build.0 = Debug|Any CPU
		{37116912-52FE-464E-BD7A-9965A0D9814C}.Debug|x64.ActiveCfg = Debug|Any CPU
		{37116912-52FE-464E-BD7A-9965A0D9814C}.Debug|x64.Build.0 = Debug|Any CPU
		{37116912-52FE-464E-BD7A-9965A0D9814C}.Debug|x86.ActiveCfg = Debug|Any CPU
		{37116912-52FE-464E-BD7A-9965A0D9814C}.Debug|x86.Build.0 = Debug|Any CPU
		{37116912-52FE-464E-BD7A-9965A0D9814C}.Release|Any CPU.ActiveCfg = Release|Any CPU
		{37116912-52FE-464E-BD7A-9965A0D9814C}.Release|Any CPU.Build.0 = Release|Any CPU
		{37116912-52FE-464E-BD7A-9965A0D9814C}.Release|x64.ActiveCfg = Release|Any CPU
		{37116912-52FE-464E-BD7A-9965A0D9814C}.Release|x64.Build.0 = Release|Any CPU
		{37116912-52FE-464E-BD7A-9965A0D9814C}.Release|x86.ActiveCfg = Release|Any CPU
		{37116912-52FE-464E-BD7A-9965A0D9814C}.Release|x86.Build.0 = Release|Any CPU
		{D2B340E8-3831-4CDC-BF0F-4A8964DD8004}.Debug|Any CPU.ActiveCfg = Debug|Any CPU
		{D2B340E8-3831-4CDC-BF0F-4A8964DD8004}.Debug|Any CPU.Build.0 = Debug|Any CPU
		{D2B340E8-3831-4CDC-BF0F-4A8964DD8004}.Debug|x64.ActiveCfg = Debug|Any CPU
		{D2B340E8-3831-4CDC-BF0F-4A8964DD8004}.Debug|x64.Build.0 = Debug|Any CPU
		{D2B340E8-3831-4CDC-BF0F-4A8964DD8004}.Debug|x86.ActiveCfg = Debug|Any CPU
		{D2B340E8-3831-4CDC-BF0F-4A8964DD8004}.Debug|x86.Build.0 = Debug|Any CPU
		{D2B340E8-3831-4CDC-BF0F-4A8964DD8004}.Release|Any CPU.ActiveCfg = Release|Any CPU
		{D2B340E8-3831-4CDC-BF0F-4A8964DD8004}.Release|Any CPU.Build.0 = Release|Any CPU
		{D2B340E8-3831-4CDC-BF0F-4A8964DD8004}.Release|x64.ActiveCfg = Release|Any CPU
		{D2B340E8-3831-4CDC-BF0F-4A8964DD8004}.Release|x64.Build.0 = Release|Any CPU
		{D2B340E8-3831-4CDC-BF0F-4A8964DD8004}.Release|x86.ActiveCfg = Release|Any CPU
		{D2B340E8-3831-4CDC-BF0F-4A8964DD8004}.Release|x86.Build.0 = Release|Any CPU
		{8E5A9A1B-650F-4AE6-85A7-09FD6EEEF852}.Debug|Any CPU.ActiveCfg = Debug|Any CPU
		{8E5A9A1B-650F-4AE6-85A7-09FD6EEEF852}.Debug|Any CPU.Build.0 = Debug|Any CPU
		{8E5A9A1B-650F-4AE6-85A7-09FD6EEEF852}.Debug|x64.ActiveCfg = Debug|Any CPU
		{8E5A9A1B-650F-4AE6-85A7-09FD6EEEF852}.Debug|x64.Build.0 = Debug|Any CPU
		{8E5A9A1B-650F-4AE6-85A7-09FD6EEEF852}.Debug|x86.ActiveCfg = Debug|Any CPU
		{8E5A9A1B-650F-4AE6-85A7-09FD6EEEF852}.Debug|x86.Build.0 = Debug|Any CPU
		{8E5A9A1B-650F-4AE6-85A7-09FD6EEEF852}.Release|Any CPU.ActiveCfg = Release|Any CPU
		{8E5A9A1B-650F-4AE6-85A7-09FD6EEEF852}.Release|Any CPU.Build.0 = Release|Any CPU
		{8E5A9A1B-650F-4AE6-85A7-09FD6EEEF852}.Release|x64.ActiveCfg = Release|Any CPU
		{8E5A9A1B-650F-4AE6-85A7-09FD6EEEF852}.Release|x64.Build.0 = Release|Any CPU
		{8E5A9A1B-650F-4AE6-85A7-09FD6EEEF852}.Release|x86.ActiveCfg = Release|Any CPU
		{8E5A9A1B-650F-4AE6-85A7-09FD6EEEF852}.Release|x86.Build.0 = Release|Any CPU
		{7B9051B4-0076-420F-8294-ABBA1D78990F}.Debug|Any CPU.ActiveCfg = Debug|Any CPU
		{7B9051B4-0076-420F-8294-ABBA1D78990F}.Debug|Any CPU.Build.0 = Debug|Any CPU
		{7B9051B4-0076-420F-8294-ABBA1D78990F}.Debug|x64.ActiveCfg = Debug|Any CPU
		{7B9051B4-0076-420F-8294-ABBA1D78990F}.Debug|x64.Build.0 = Debug|Any CPU
		{7B9051B4-0076-420F-8294-ABBA1D78990F}.Debug|x86.ActiveCfg = Debug|Any CPU
		{7B9051B4-0076-420F-8294-ABBA1D78990F}.Debug|x86.Build.0 = Debug|Any CPU
		{7B9051B4-0076-420F-8294-ABBA1D78990F}.Release|Any CPU.ActiveCfg = Release|Any CPU
		{7B9051B4-0076-420F-8294-ABBA1D78990F}.Release|Any CPU.Build.0 = Release|Any CPU
		{7B9051B4-0076-420F-8294-ABBA1D78990F}.Release|x64.ActiveCfg = Release|Any CPU
		{7B9051B4-0076-420F-8294-ABBA1D78990F}.Release|x64.Build.0 = Release|Any CPU
		{7B9051B4-0076-420F-8294-ABBA1D78990F}.Release|x86.ActiveCfg = Release|Any CPU
		{7B9051B4-0076-420F-8294-ABBA1D78990F}.Release|x86.Build.0 = Release|Any CPU
		{3AFC6B75-15F0-4E6E-8ABC-66BB7D719AA4}.Debug|Any CPU.ActiveCfg = Debug|Any CPU
		{3AFC6B75-15F0-4E6E-8ABC-66BB7D719AA4}.Debug|Any CPU.Build.0 = Debug|Any CPU
		{3AFC6B75-15F0-4E6E-8ABC-66BB7D719AA4}.Debug|x64.ActiveCfg = Debug|Any CPU
		{3AFC6B75-15F0-4E6E-8ABC-66BB7D719AA4}.Debug|x64.Build.0 = Debug|Any CPU
		{3AFC6B75-15F0-4E6E-8ABC-66BB7D719AA4}.Debug|x86.ActiveCfg = Debug|Any CPU
		{3AFC6B75-15F0-4E6E-8ABC-66BB7D719AA4}.Debug|x86.Build.0 = Debug|Any CPU
		{3AFC6B75-15F0-4E6E-8ABC-66BB7D719AA4}.Release|Any CPU.ActiveCfg = Release|Any CPU
		{3AFC6B75-15F0-4E6E-8ABC-66BB7D719AA4}.Release|Any CPU.Build.0 = Release|Any CPU
		{3AFC6B75-15F0-4E6E-8ABC-66BB7D719AA4}.Release|x64.ActiveCfg = Release|Any CPU
		{3AFC6B75-15F0-4E6E-8ABC-66BB7D719AA4}.Release|x64.Build.0 = Release|Any CPU
		{3AFC6B75-15F0-4E6E-8ABC-66BB7D719AA4}.Release|x86.ActiveCfg = Release|Any CPU
		{3AFC6B75-15F0-4E6E-8ABC-66BB7D719AA4}.Release|x86.Build.0 = Release|Any CPU
	EndGlobalSection
EndGlobal
